{
  "name": "use-password-generator-from-npm",
  "version": "1.0.0",
  "lockfileVersion": 3,
  "requires": true,
  "packages": {
    "": {
      "name": "use-password-generator-from-npm",
      "version": "1.0.0",
      "license": "ISC",
      "dependencies": {
        "password-generator-typescript-yoav": "^1.0.0"
      }
    },
    "node_modules/password-generator-typescript-yoav": {
      "version": "1.1.0",
      "resolved": "https://registry.npmjs.org/password-generator-typescript-yoav/-/password-generator-typescript-yoav-1.1.0.tgz",
      "integrity": "sha512-9i24An0qK0Bu4qNNR4qKTKCzuUzfB6yTu6QLwTR2vQG8U3NxJmLlmZ6tCJ3E/qt5bshqKirmnO+CjkuA1KiQfA==",
      "license": "ISC"
    }
  }
}
